// !$*UTF8*$!
{
	archiveVersion = 1;
	classes = {
	};
	objectVersion = 56;
	objects = {

/* Begin PBXBuildFile section */
		D02B263F29B4A74700839CDD /* DetailsVC.swift in Sources */ = {isa = PBXBuildFile; fileRef = D02B263E29B4A74700839CDD /* DetailsVC.swift */; };
		D02B264329B4CAED00839CDD /* ModelProtocol.swift in Sources */ = {isa = PBXBuildFile; fileRef = D02B264229B4CAED00839CDD /* ModelProtocol.swift */; };
		D02B264529B4CB5700839CDD /* PodcastModel.swift in Sources */ = {isa = PBXBuildFile; fileRef = D02B264429B4CB5700839CDD /* PodcastModel.swift */; };
		D02B264729B4DB0B00839CDD /* MovieModel.swift in Sources */ = {isa = PBXBuildFile; fileRef = D02B264629B4DB0B00839CDD /* MovieModel.swift */; };
		D02B264929B4DB2B00839CDD /* MusicModel.swift in Sources */ = {isa = PBXBuildFile; fileRef = D02B264829B4DB2B00839CDD /* MusicModel.swift */; };
		D02B264C29B54BA300839CDD /* TableExtensions.swift in Sources */ = {isa = PBXBuildFile; fileRef = D02B264B29B54BA300839CDD /* TableExtensions.swift */; };
		D02B264E29B54BDA00839CDD /* UpdateUIExtension.swift in Sources */ = {isa = PBXBuildFile; fileRef = D02B264D29B54BDA00839CDD /* UpdateUIExtension.swift */; };
		D02B265029B54C0800839CDD /* SearchBarExtensions.swift in Sources */ = {isa = PBXBuildFile; fileRef = D02B264F29B54C0800839CDD /* SearchBarExtensions.swift */; };
		D02B265229B54CA700839CDD /* ScrollViewExtension.swift in Sources */ = {isa = PBXBuildFile; fileRef = D02B265129B54CA700839CDD /* ScrollViewExtension.swift */; };
		D02B265529B54EDA00839CDD /* JGProgressHUD in Frameworks */ = {isa = PBXBuildFile; productRef = D02B265429B54EDA00839CDD /* JGProgressHUD */; };
		D02B265829B55C5E00839CDD /* 1.jpeg in Resources */ = {isa = PBXBuildFile; fileRef = D02B265729B55C5E00839CDD /* 1.jpeg */; };
		D02B265A29B55C7200839CDD /* 2.jpeg in Resources */ = {isa = PBXBuildFile; fileRef = D02B265929B55C7200839CDD /* 2.jpeg */; };
		D02B265C29B55C8800839CDD /* 3.jpeg in Resources */ = {isa = PBXBuildFile; fileRef = D02B265B29B55C8800839CDD /* 3.jpeg */; };
		D02B265E29B55C9500839CDD /* 4.jpeg in Resources */ = {isa = PBXBuildFile; fileRef = D02B265D29B55C9500839CDD /* 4.jpeg */; };
		D02B266029B55CB100839CDD /* 5.jpeg in Resources */ = {isa = PBXBuildFile; fileRef = D02B265F29B55CB100839CDD /* 5.jpeg */; };
		D02DE0BA29B40D86007DA88E /* NavigationController.swift in Sources */ = {isa = PBXBuildFile; fileRef = D02DE0B929B40D86007DA88E /* NavigationController.swift */; };
		D02DE0C129B40ED5007DA88E /* ItemCell.swift in Sources */ = {isa = PBXBuildFile; fileRef = D02DE0BF29B40ED5007DA88E /* ItemCell.swift */; };
		D02DE0C229B40ED5007DA88E /* ItemCell.xib in Resources */ = {isa = PBXBuildFile; fileRef = D02DE0C029B40ED5007DA88E /* ItemCell.xib */; };
		D03D22E529B37361005A0989 /* AppDelegate.swift in Sources */ = {isa = PBXBuildFile; fileRef = D03D22E429B37361005A0989 /* AppDelegate.swift */; };
		D03D22E729B37361005A0989 /* SceneDelegate.swift in Sources */ = {isa = PBXBuildFile; fileRef = D03D22E629B37361005A0989 /* SceneDelegate.swift */; };
		D03D22E929B37361005A0989 /* SearchVC.swift in Sources */ = {isa = PBXBuildFile; fileRef = D03D22E829B37361005A0989 /* SearchVC.swift */; };
		D03D22F129B37366005A0989 /* Assets.xcassets in Resources */ = {isa = PBXBuildFile; fileRef = D03D22F029B37366005A0989 /* Assets.xcassets */; };
		D03D22FF29B37367005A0989 /* MusicAppDYSoftwareTests.swift in Sources */ = {isa = PBXBuildFile; fileRef = D03D22FE29B37367005A0989 /* MusicAppDYSoftwareTests.swift */; };
		D03D230929B37367005A0989 /* MusicAppDYSoftwareUITests.swift in Sources */ = {isa = PBXBuildFile; fileRef = D03D230829B37367005A0989 /* MusicAppDYSoftwareUITests.swift */; };
		D03D230B29B37367005A0989 /* MusicAppDYSoftwareUITestsLaunchTests.swift in Sources */ = {isa = PBXBuildFile; fileRef = D03D230A29B37367005A0989 /* MusicAppDYSoftwareUITestsLaunchTests.swift */; };
		D03D231B29B374CE005A0989 /* SearchViewModel.swift in Sources */ = {isa = PBXBuildFile; fileRef = D03D231A29B374CE005A0989 /* SearchViewModel.swift */; };
		D03D231E29B37665005A0989 /* Extensions.swift in Sources */ = {isa = PBXBuildFile; fileRef = D03D231D29B37665005A0989 /* Extensions.swift */; };
		D03D232329B380FF005A0989 /* EbookModel.swift in Sources */ = {isa = PBXBuildFile; fileRef = D03D232229B380FF005A0989 /* EbookModel.swift */; };
		D03D232529B381BE005A0989 /* Constants.swift in Sources */ = {isa = PBXBuildFile; fileRef = D03D232429B381BE005A0989 /* Constants.swift */; };
		D04FEA6F29B7E048009ED03A /* SearchVMSearchBar.swift in Sources */ = {isa = PBXBuildFile; fileRef = D04FEA6E29B7E048009ED03A /* SearchVMSearchBar.swift */; };
		D04FEA7129B7E099009ED03A /* SearchVMScroll.swift in Sources */ = {isa = PBXBuildFile; fileRef = D04FEA7029B7E099009ED03A /* SearchVMScroll.swift */; };
		D04FEA7329B7E116009ED03A /* SearchVMSegmented.swift in Sources */ = {isa = PBXBuildFile; fileRef = D04FEA7229B7E116009ED03A /* SearchVMSegmented.swift */; };
		D04FEA7529B7E163009ED03A /* SearchVMNetwork.swift in Sources */ = {isa = PBXBuildFile; fileRef = D04FEA7429B7E163009ED03A /* SearchVMNetwork.swift */; };
		D0572E0B29B7E4CE00331B59 /* SearchVMTable.swift in Sources */ = {isa = PBXBuildFile; fileRef = D0572E0A29B7E4CE00331B59 /* SearchVMTable.swift */; };
/* End PBXBuildFile section */

/* Begin PBXContainerItemProxy section */
		D03D22FB29B37367005A0989 /* PBXContainerItemProxy */ = {
			isa = PBXContainerItemProxy;
			containerPortal = D03D22D929B37361005A0989 /* Project object */;
			proxyType = 1;
			remoteGlobalIDString = D03D22E029B37361005A0989;
			remoteInfo = MusicAppDYSoftware;
		};
		D03D230529B37367005A0989 /* PBXContainerItemProxy */ = {
			isa = PBXContainerItemProxy;
			containerPortal = D03D22D929B37361005A0989 /* Project object */;
			proxyType = 1;
			remoteGlobalIDString = D03D22E029B37361005A0989;
			remoteInfo = MusicAppDYSoftware;
		};
/* End PBXContainerItemProxy section */

/* Begin PBXFileReference section */
		D02B263E29B4A74700839CDD /* DetailsVC.swift */ = {isa = PBXFileReference; lastKnownFileType = sourcecode.swift; path = DetailsVC.swift; sourceTree = "<group>"; };
		D02B264229B4CAED00839CDD /* ModelProtocol.swift */ = {isa = PBXFileReference; lastKnownFileType = sourcecode.swift; path = ModelProtocol.swift; sourceTree = "<group>"; };
		D02B264429B4CB5700839CDD /* PodcastModel.swift */ = {isa = PBXFileReference; lastKnownFileType = sourcecode.swift; path = PodcastModel.swift; sourceTree = "<group>"; };
		D02B264629B4DB0B00839CDD /* MovieModel.swift */ = {isa = PBXFileReference; lastKnownFileType = sourcecode.swift; path = MovieModel.swift; sourceTree = "<group>"; };
		D02B264829B4DB2B00839CDD /* MusicModel.swift */ = {isa = PBXFileReference; lastKnownFileType = sourcecode.swift; path = MusicModel.swift; sourceTree = "<group>"; };
		D02B264B29B54BA300839CDD /* TableExtensions.swift */ = {isa = PBXFileReference; lastKnownFileType = sourcecode.swift; path = TableExtensions.swift; sourceTree = "<group>"; };
		D02B264D29B54BDA00839CDD /* UpdateUIExtension.swift */ = {isa = PBXFileReference; lastKnownFileType = sourcecode.swift; path = UpdateUIExtension.swift; sourceTree = "<group>"; };
		D02B264F29B54C0800839CDD /* SearchBarExtensions.swift */ = {isa = PBXFileReference; lastKnownFileType = sourcecode.swift; path = SearchBarExtensions.swift; sourceTree = "<group>"; };
		D02B265129B54CA700839CDD /* ScrollViewExtension.swift */ = {isa = PBXFileReference; lastKnownFileType = sourcecode.swift; path = ScrollViewExtension.swift; sourceTree = "<group>"; };
		D02B265729B55C5E00839CDD /* 1.jpeg */ = {isa = PBXFileReference; lastKnownFileType = image.jpeg; path = 1.jpeg; sourceTree = "<group>"; };
		D02B265929B55C7200839CDD /* 2.jpeg */ = {isa = PBXFileReference; lastKnownFileType = image.jpeg; path = 2.jpeg; sourceTree = "<group>"; };
		D02B265B29B55C8800839CDD /* 3.jpeg */ = {isa = PBXFileReference; lastKnownFileType = image.jpeg; path = 3.jpeg; sourceTree = "<group>"; };
		D02B265D29B55C9500839CDD /* 4.jpeg */ = {isa = PBXFileReference; lastKnownFileType = image.jpeg; path = 4.jpeg; sourceTree = "<group>"; };
		D02B265F29B55CB100839CDD /* 5.jpeg */ = {isa = PBXFileReference; lastKnownFileType = image.jpeg; path = 5.jpeg; sourceTree = "<group>"; };
		D02DE0B929B40D86007DA88E /* NavigationController.swift */ = {isa = PBXFileReference; lastKnownFileType = sourcecode.swift; path = NavigationController.swift; sourceTree = "<group>"; };
		D02DE0BF29B40ED5007DA88E /* ItemCell.swift */ = {isa = PBXFileReference; lastKnownFileType = sourcecode.swift; path = ItemCell.swift; sourceTree = "<group>"; };
		D02DE0C029B40ED5007DA88E /* ItemCell.xib */ = {isa = PBXFileReference; lastKnownFileType = file.xib; path = ItemCell.xib; sourceTree = "<group>"; };
		D03D22E129B37361005A0989 /* MusicAppDYSoftware.app */ = {isa = PBXFileReference; explicitFileType = wrapper.application; includeInIndex = 0; path = MusicAppDYSoftware.app; sourceTree = BUILT_PRODUCTS_DIR; };
		D03D22E429B37361005A0989 /* AppDelegate.swift */ = {isa = PBXFileReference; lastKnownFileType = sourcecode.swift; path = AppDelegate.swift; sourceTree = "<group>"; };
		D03D22E629B37361005A0989 /* SceneDelegate.swift */ = {isa = PBXFileReference; lastKnownFileType = sourcecode.swift; path = SceneDelegate.swift; sourceTree = "<group>"; };
		D03D22E829B37361005A0989 /* SearchVC.swift */ = {isa = PBXFileReference; lastKnownFileType = sourcecode.swift; path = SearchVC.swift; sourceTree = "<group>"; };
		D03D22F029B37366005A0989 /* Assets.xcassets */ = {isa = PBXFileReference; lastKnownFileType = folder.assetcatalog; path = Assets.xcassets; sourceTree = "<group>"; };
		D03D22F529B37366005A0989 /* Info.plist */ = {isa = PBXFileReference; lastKnownFileType = text.plist.xml; path = Info.plist; sourceTree = "<group>"; };
		D03D22FA29B37367005A0989 /* MusicAppDYSoftwareTests.xctest */ = {isa = PBXFileReference; explicitFileType = wrapper.cfbundle; includeInIndex = 0; path = MusicAppDYSoftwareTests.xctest; sourceTree = BUILT_PRODUCTS_DIR; };
		D03D22FE29B37367005A0989 /* MusicAppDYSoftwareTests.swift */ = {isa = PBXFileReference; lastKnownFileType = sourcecode.swift; path = MusicAppDYSoftwareTests.swift; sourceTree = "<group>"; };
		D03D230429B37367005A0989 /* MusicAppDYSoftwareUITests.xctest */ = {isa = PBXFileReference; explicitFileType = wrapper.cfbundle; includeInIndex = 0; path = MusicAppDYSoftwareUITests.xctest; sourceTree = BUILT_PRODUCTS_DIR; };
		D03D230829B37367005A0989 /* MusicAppDYSoftwareUITests.swift */ = {isa = PBXFileReference; lastKnownFileType = sourcecode.swift; path = MusicAppDYSoftwareUITests.swift; sourceTree = "<group>"; };
		D03D230A29B37367005A0989 /* MusicAppDYSoftwareUITestsLaunchTests.swift */ = {isa = PBXFileReference; lastKnownFileType = sourcecode.swift; path = MusicAppDYSoftwareUITestsLaunchTests.swift; sourceTree = "<group>"; };
		D03D231A29B374CE005A0989 /* SearchViewModel.swift */ = {isa = PBXFileReference; lastKnownFileType = sourcecode.swift; path = SearchViewModel.swift; sourceTree = "<group>"; };
		D03D231D29B37665005A0989 /* Extensions.swift */ = {isa = PBXFileReference; lastKnownFileType = sourcecode.swift; path = Extensions.swift; sourceTree = "<group>"; };
		D03D232229B380FF005A0989 /* EbookModel.swift */ = {isa = PBXFileReference; lastKnownFileType = sourcecode.swift; path = EbookModel.swift; sourceTree = "<group>"; };
		D03D232429B381BE005A0989 /* Constants.swift */ = {isa = PBXFileReference; lastKnownFileType = sourcecode.swift; path = Constants.swift; sourceTree = "<group>"; };
		D04FEA6E29B7E048009ED03A /* SearchVMSearchBar.swift */ = {isa = PBXFileReference; lastKnownFileType = sourcecode.swift; path = SearchVMSearchBar.swift; sourceTree = "<group>"; };
		D04FEA7029B7E099009ED03A /* SearchVMScroll.swift */ = {isa = PBXFileReference; lastKnownFileType = sourcecode.swift; path = SearchVMScroll.swift; sourceTree = "<group>"; };
		D04FEA7229B7E116009ED03A /* SearchVMSegmented.swift */ = {isa = PBXFileReference; lastKnownFileType = sourcecode.swift; path = SearchVMSegmented.swift; sourceTree = "<group>"; };
		D04FEA7429B7E163009ED03A /* SearchVMNetwork.swift */ = {isa = PBXFileReference; lastKnownFileType = sourcecode.swift; path = SearchVMNetwork.swift; sourceTree = "<group>"; };
		D0572E0A29B7E4CE00331B59 /* SearchVMTable.swift */ = {isa = PBXFileReference; lastKnownFileType = sourcecode.swift; path = SearchVMTable.swift; sourceTree = "<group>"; };
/* End PBXFileReference section */

/* Begin PBXFrameworksBuildPhase section */
		D03D22DE29B37361005A0989 /* Frameworks */ = {
			isa = PBXFrameworksBuildPhase;
			buildActionMask = 2147483647;
			files = (
				D02B265529B54EDA00839CDD /* JGProgressHUD in Frameworks */,
			);
			runOnlyForDeploymentPostprocessing = 0;
		};
		D03D22F729B37367005A0989 /* Frameworks */ = {
			isa = PBXFrameworksBuildPhase;
			buildActionMask = 2147483647;
			files = (
			);
			runOnlyForDeploymentPostprocessing = 0;
		};
		D03D230129B37367005A0989 /* Frameworks */ = {
			isa = PBXFrameworksBuildPhase;
			buildActionMask = 2147483647;
			files = (
			);
			runOnlyForDeploymentPostprocessing = 0;
		};
/* End PBXFrameworksBuildPhase section */

/* Begin PBXGroup section */
		D02B264A29B54B6A00839CDD /* SearchVC */ = {
			isa = PBXGroup;
			children = (
				D02B264B29B54BA300839CDD /* TableExtensions.swift */,
				D02B264D29B54BDA00839CDD /* UpdateUIExtension.swift */,
				D02B264F29B54C0800839CDD /* SearchBarExtensions.swift */,
				D02B265129B54CA700839CDD /* ScrollViewExtension.swift */,
			);
			path = SearchVC;
			sourceTree = "<group>";
		};
		D02B265629B55BE100839CDD /* ScreenShots */ = {
			isa = PBXGroup;
			children = (
				D02B265929B55C7200839CDD /* 2.jpeg */,
				D02B265D29B55C9500839CDD /* 4.jpeg */,
				D02B265F29B55CB100839CDD /* 5.jpeg */,
				D02B265B29B55C8800839CDD /* 3.jpeg */,
				D02B265729B55C5E00839CDD /* 1.jpeg */,
			);
			path = ScreenShots;
			sourceTree = "<group>";
		};
		D02DE0BC29B40E2C007DA88E /* Extensions */ = {
			isa = PBXGroup;
			children = (
				D04FEA6B29B7DF12009ED03A /* General */,
				D04FEA6A29B7DCCE009ED03A /* SearchViewModel */,
				D02B264A29B54B6A00839CDD /* SearchVC */,
			);
			path = Extensions;
			sourceTree = "<group>";
		};
		D02DE0BD29B40E3F007DA88E /* Helpers */ = {
			isa = PBXGroup;
			children = (
				D03D232429B381BE005A0989 /* Constants.swift */,
			);
			path = Helpers;
			sourceTree = "<group>";
		};
		D02DE0BE29B40E64007DA88E /* Core */ = {
			isa = PBXGroup;
			children = (
				D03D22E829B37361005A0989 /* SearchVC.swift */,
				D02DE0B929B40D86007DA88E /* NavigationController.swift */,
				D02B263E29B4A74700839CDD /* DetailsVC.swift */,
			);
			path = Core;
			sourceTree = "<group>";
		};
		D03D22D829B37361005A0989 = {
			isa = PBXGroup;
			children = (
				D02B265629B55BE100839CDD /* ScreenShots */,
				D03D22E329B37361005A0989 /* MusicAppDYSoftware */,
				D03D22FD29B37367005A0989 /* MusicAppDYSoftwareTests */,
				D03D230729B37367005A0989 /* MusicAppDYSoftwareUITests */,
				D03D22E229B37361005A0989 /* Products */,
			);
			sourceTree = "<group>";
		};
		D03D22E229B37361005A0989 /* Products */ = {
			isa = PBXGroup;
			children = (
				D03D22E129B37361005A0989 /* MusicAppDYSoftware.app */,
				D03D22FA29B37367005A0989 /* MusicAppDYSoftwareTests.xctest */,
				D03D230429B37367005A0989 /* MusicAppDYSoftwareUITests.xctest */,
			);
			name = Products;
			sourceTree = "<group>";
		};
		D03D22E329B37361005A0989 /* MusicAppDYSoftware */ = {
			isa = PBXGroup;
			children = (
				D02DE0BD29B40E3F007DA88E /* Helpers */,
				D02DE0BC29B40E2C007DA88E /* Extensions */,
				D03D232129B380A1005A0989 /* Model */,
				D03D231929B3749A005A0989 /* ViewModels */,
				D03D231829B3748A005A0989 /* Views */,
				D03D231729B373BD005A0989 /* Support */,
				D03D22F529B37366005A0989 /* Info.plist */,
			);
			path = MusicAppDYSoftware;
			sourceTree = "<group>";
		};
		D03D22FD29B37367005A0989 /* MusicAppDYSoftwareTests */ = {
			isa = PBXGroup;
			children = (
				D03D22FE29B37367005A0989 /* MusicAppDYSoftwareTests.swift */,
			);
			path = MusicAppDYSoftwareTests;
			sourceTree = "<group>";
		};
		D03D230729B37367005A0989 /* MusicAppDYSoftwareUITests */ = {
			isa = PBXGroup;
			children = (
				D03D230829B37367005A0989 /* MusicAppDYSoftwareUITests.swift */,
				D03D230A29B37367005A0989 /* MusicAppDYSoftwareUITestsLaunchTests.swift */,
			);
			path = MusicAppDYSoftwareUITests;
			sourceTree = "<group>";
		};
		D03D231729B373BD005A0989 /* Support */ = {
			isa = PBXGroup;
			children = (
				D03D22E429B37361005A0989 /* AppDelegate.swift */,
				D03D22E629B37361005A0989 /* SceneDelegate.swift */,
				D03D22F029B37366005A0989 /* Assets.xcassets */,
			);
			path = Support;
			sourceTree = "<group>";
		};
		D03D231829B3748A005A0989 /* Views */ = {
			isa = PBXGroup;
			children = (
				D02DE0BE29B40E64007DA88E /* Core */,
				D02DE0BF29B40ED5007DA88E /* ItemCell.swift */,
				D02DE0C029B40ED5007DA88E /* ItemCell.xib */,
			);
			path = Views;
			sourceTree = "<group>";
		};
		D03D231929B3749A005A0989 /* ViewModels */ = {
			isa = PBXGroup;
			children = (
				D03D231A29B374CE005A0989 /* SearchViewModel.swift */,
			);
			path = ViewModels;
			sourceTree = "<group>";
		};
		D03D232129B380A1005A0989 /* Model */ = {
			isa = PBXGroup;
			children = (
				D02B264229B4CAED00839CDD /* ModelProtocol.swift */,
				D02B264429B4CB5700839CDD /* PodcastModel.swift */,
				D03D232229B380FF005A0989 /* EbookModel.swift */,
				D02B264629B4DB0B00839CDD /* MovieModel.swift */,
				D02B264829B4DB2B00839CDD /* MusicModel.swift */,
			);
			path = Model;
			sourceTree = "<group>";
		};
		D04FEA6A29B7DCCE009ED03A /* SearchViewModel */ = {
			isa = PBXGroup;
			children = (
				D04FEA6E29B7E048009ED03A /* SearchVMSearchBar.swift */,
				D04FEA7029B7E099009ED03A /* SearchVMScroll.swift */,
				D04FEA7229B7E116009ED03A /* SearchVMSegmented.swift */,
				D04FEA7429B7E163009ED03A /* SearchVMNetwork.swift */,
				D0572E0A29B7E4CE00331B59 /* SearchVMTable.swift */,
			);
			path = SearchViewModel;
			sourceTree = "<group>";
		};
		D04FEA6B29B7DF12009ED03A /* General */ = {
			isa = PBXGroup;
			children = (
				D03D231D29B37665005A0989 /* Extensions.swift */,
			);
			path = General;
			sourceTree = "<group>";
		};
/* End PBXGroup section */

/* Begin PBXNativeTarget section */
		D03D22E029B37361005A0989 /* MusicAppDYSoftware */ = {
			isa = PBXNativeTarget;
			buildConfigurationList = D03D230E29B37367005A0989 /* Build configuration list for PBXNativeTarget "MusicAppDYSoftware" */;
			buildPhases = (
				D03D22DD29B37361005A0989 /* Sources */,
				D03D22DE29B37361005A0989 /* Frameworks */,
				D03D22DF29B37361005A0989 /* Resources */,
			);
			buildRules = (
			);
			dependencies = (
			);
			name = MusicAppDYSoftware;
			packageProductDependencies = (
				D02B265429B54EDA00839CDD /* JGProgressHUD */,
			);
			productName = MusicAppDYSoftware;
			productReference = D03D22E129B37361005A0989 /* MusicAppDYSoftware.app */;
			productType = "com.apple.product-type.application";
		};
		D03D22F929B37367005A0989 /* MusicAppDYSoftwareTests */ = {
			isa = PBXNativeTarget;
			buildConfigurationList = D03D231129B37367005A0989 /* Build configuration list for PBXNativeTarget "MusicAppDYSoftwareTests" */;
			buildPhases = (
				D03D22F629B37367005A0989 /* Sources */,
				D03D22F729B37367005A0989 /* Frameworks */,
				D03D22F829B37367005A0989 /* Resources */,
			);
			buildRules = (
			);
			dependencies = (
				D03D22FC29B37367005A0989 /* PBXTargetDependency */,
			);
			name = MusicAppDYSoftwareTests;
			productName = MusicAppDYSoftwareTests;
			productReference = D03D22FA29B37367005A0989 /* MusicAppDYSoftwareTests.xctest */;
			productType = "com.apple.product-type.bundle.unit-test";
		};
		D03D230329B37367005A0989 /* MusicAppDYSoftwareUITests */ = {
			isa = PBXNativeTarget;
			buildConfigurationList = D03D231429B37367005A0989 /* Build configuration list for PBXNativeTarget "MusicAppDYSoftwareUITests" */;
			buildPhases = (
				D03D230029B37367005A0989 /* Sources */,
				D03D230129B37367005A0989 /* Frameworks */,
				D03D230229B37367005A0989 /* Resources */,
			);
			buildRules = (
			);
			dependencies = (
				D03D230629B37367005A0989 /* PBXTargetDependency */,
			);
			name = MusicAppDYSoftwareUITests;
			productName = MusicAppDYSoftwareUITests;
			productReference = D03D230429B37367005A0989 /* MusicAppDYSoftwareUITests.xctest */;
			productType = "com.apple.product-type.bundle.ui-testing";
		};
/* End PBXNativeTarget section */

/* Begin PBXProject section */
		D03D22D929B37361005A0989 /* Project object */ = {
			isa = PBXProject;
			attributes = {
				BuildIndependentTargetsInParallel = 1;
				LastSwiftUpdateCheck = 1420;
				LastUpgradeCheck = 1420;
				TargetAttributes = {
					D03D22E029B37361005A0989 = {
						CreatedOnToolsVersion = 14.2;
					};
					D03D22F929B37367005A0989 = {
						CreatedOnToolsVersion = 14.2;
						TestTargetID = D03D22E029B37361005A0989;
					};
					D03D230329B37367005A0989 = {
						CreatedOnToolsVersion = 14.2;
						TestTargetID = D03D22E029B37361005A0989;
					};
				};
			};
			buildConfigurationList = D03D22DC29B37361005A0989 /* Build configuration list for PBXProject "MusicAppDYSoftware" */;
			compatibilityVersion = "Xcode 14.0";
			developmentRegion = en;
			hasScannedForEncodings = 0;
			knownRegions = (
				en,
				Base,
			);
			mainGroup = D03D22D829B37361005A0989;
			packageReferences = (
				D02B265329B54EDA00839CDD /* XCRemoteSwiftPackageReference "JGProgressHUD" */,
			);
			productRefGroup = D03D22E229B37361005A0989 /* Products */;
			projectDirPath = "";
			projectRoot = "";
			targets = (
				D03D22E029B37361005A0989 /* MusicAppDYSoftware */,
				D03D22F929B37367005A0989 /* MusicAppDYSoftwareTests */,
				D03D230329B37367005A0989 /* MusicAppDYSoftwareUITests */,
			);
		};
/* End PBXProject section */

/* Begin PBXResourcesBuildPhase section */
		D03D22DF29B37361005A0989 /* Resources */ = {
			isa = PBXResourcesBuildPhase;
			buildActionMask = 2147483647;
			files = (
				D02B265A29B55C7200839CDD /* 2.jpeg in Resources */,
				D03D22F129B37366005A0989 /* Assets.xcassets in Resources */,
				D02B266029B55CB100839CDD /* 5.jpeg in Resources */,
				D02B265C29B55C8800839CDD /* 3.jpeg in Resources */,
				D02B265E29B55C9500839CDD /* 4.jpeg in Resources */,
				D02B265829B55C5E00839CDD /* 1.jpeg in Resources */,
				D02DE0C229B40ED5007DA88E /* ItemCell.xib in Resources */,
			);
			runOnlyForDeploymentPostprocessing = 0;
		};
		D03D22F829B37367005A0989 /* Resources */ = {
			isa = PBXResourcesBuildPhase;
			buildActionMask = 2147483647;
			files = (
			);
			runOnlyForDeploymentPostprocessing = 0;
		};
		D03D230229B37367005A0989 /* Resources */ = {
			isa = PBXResourcesBuildPhase;
			buildActionMask = 2147483647;
			files = (
			);
			runOnlyForDeploymentPostprocessing = 0;
		};
/* End PBXResourcesBuildPhase section */

/* Begin PBXSourcesBuildPhase section */
		D03D22DD29B37361005A0989 /* Sources */ = {
			isa = PBXSourcesBuildPhase;
			buildActionMask = 2147483647;
			files = (
				D03D232329B380FF005A0989 /* EbookModel.swift in Sources */,
				D02B263F29B4A74700839CDD /* DetailsVC.swift in Sources */,
				D04FEA6F29B7E048009ED03A /* SearchVMSearchBar.swift in Sources */,
				D03D22E929B37361005A0989 /* SearchVC.swift in Sources */,
				D02B264C29B54BA300839CDD /* TableExtensions.swift in Sources */,
				D02B264E29B54BDA00839CDD /* UpdateUIExtension.swift in Sources */,
				D0572E0B29B7E4CE00331B59 /* SearchVMTable.swift in Sources */,
				D04FEA7529B7E163009ED03A /* SearchVMNetwork.swift in Sources */,
				D03D231E29B37665005A0989 /* Extensions.swift in Sources */,
				D02B264329B4CAED00839CDD /* ModelProtocol.swift in Sources */,
				D03D231B29B374CE005A0989 /* SearchViewModel.swift in Sources */,
				D04FEA7329B7E116009ED03A /* SearchVMSegmented.swift in Sources */,
				D02B264529B4CB5700839CDD /* PodcastModel.swift in Sources */,
				D02B264929B4DB2B00839CDD /* MusicModel.swift in Sources */,
				D04FEA7129B7E099009ED03A /* SearchVMScroll.swift in Sources */,
				D03D22E529B37361005A0989 /* AppDelegate.swift in Sources */,
				D02DE0BA29B40D86007DA88E /* NavigationController.swift in Sources */,
				D02B264729B4DB0B00839CDD /* MovieModel.swift in Sources */,
				D02B265029B54C0800839CDD /* SearchBarExtensions.swift in Sources */,
				D02DE0C129B40ED5007DA88E /* ItemCell.swift in Sources */,
				D03D22E729B37361005A0989 /* SceneDelegate.swift in Sources */,
				D03D232529B381BE005A0989 /* Constants.swift in Sources */,
				D02B265229B54CA700839CDD /* ScrollViewExtension.swift in Sources */,
			);
			runOnlyForDeploymentPostprocessing = 0;
		};
		D03D22F629B37367005A0989 /* Sources */ = {
			isa = PBXSourcesBuildPhase;
			buildActionMask = 2147483647;
			files = (
				D03D22FF29B37367005A0989 /* MusicAppDYSoftwareTests.swift in Sources */,
			);
			runOnlyForDeploymentPostprocessing = 0;
		};
		D03D230029B37367005A0989 /* Sources */ = {
			isa = PBXSourcesBuildPhase;
			buildActionMask = 2147483647;
			files = (
				D03D230B29B37367005A0989 /* MusicAppDYSoftwareUITestsLaunchTests.swift in Sources */,
				D03D230929B37367005A0989 /* MusicAppDYSoftwareUITests.swift in Sources */,
			);
			runOnlyForDeploymentPostprocessing = 0;
		};
/* End PBXSourcesBuildPhase section */

/* Begin PBXTargetDependency section */
		D03D22FC29B37367005A0989 /* PBXTargetDependency */ = {
			isa = PBXTargetDependency;
			target = D03D22E029B37361005A0989 /* MusicAppDYSoftware */;
			targetProxy = D03D22FB29B37367005A0989 /* PBXContainerItemProxy */;
		};
		D03D230629B37367005A0989 /* PBXTargetDependency */ = {
			isa = PBXTargetDependency;
			target = D03D22E029B37361005A0989 /* MusicAppDYSoftware */;
			targetProxy = D03D230529B37367005A0989 /* PBXContainerItemProxy */;
		};
/* End PBXTargetDependency section */

/* Begin XCBuildConfiguration section */
		D03D230C29B37367005A0989 /* Debug */ = {
			isa = XCBuildConfiguration;
			buildSettings = {
				ALWAYS_SEARCH_USER_PATHS = NO;
				CLANG_ANALYZER_NONNULL = YES;
				CLANG_ANALYZER_NUMBER_OBJECT_CONVERSION = YES_AGGRESSIVE;
				CLANG_CXX_LANGUAGE_STANDARD = "gnu++20";
				CLANG_ENABLE_MODULES = YES;
				CLANG_ENABLE_OBJC_ARC = YES;
				CLANG_ENABLE_OBJC_WEAK = YES;
				CLANG_WARN_BLOCK_CAPTURE_AUTORELEASING = YES;
				CLANG_WARN_BOOL_CONVERSION = YES;
				CLANG_WARN_COMMA = YES;
				CLANG_WARN_CONSTANT_CONVERSION = YES;
				CLANG_WARN_DEPRECATED_OBJC_IMPLEMENTATIONS = YES;
				CLANG_WARN_DIRECT_OBJC_ISA_USAGE = YES_ERROR;
				CLANG_WARN_DOCUMENTATION_COMMENTS = YES;
				CLANG_WARN_EMPTY_BODY = YES;
				CLANG_WARN_ENUM_CONVERSION = YES;
				CLANG_WARN_INFINITE_RECURSION = YES;
				CLANG_WARN_INT_CONVERSION = YES;
				CLANG_WARN_NON_LITERAL_NULL_CONVERSION = YES;
				CLANG_WARN_OBJC_IMPLICIT_RETAIN_SELF = YES;
				CLANG_WARN_OBJC_LITERAL_CONVERSION = YES;
				CLANG_WARN_OBJC_ROOT_CLASS = YES_ERROR;
				CLANG_WARN_QUOTED_INCLUDE_IN_FRAMEWORK_HEADER = YES;
				CLANG_WARN_RANGE_LOOP_ANALYSIS = YES;
				CLANG_WARN_STRICT_PROTOTYPES = YES;
				CLANG_WARN_SUSPICIOUS_MOVE = YES;
				CLANG_WARN_UNGUARDED_AVAILABILITY = YES_AGGRESSIVE;
				CLANG_WARN_UNREACHABLE_CODE = YES;
				CLANG_WARN__DUPLICATE_METHOD_MATCH = YES;
				COPY_PHASE_STRIP = NO;
				DEBUG_INFORMATION_FORMAT = dwarf;
				ENABLE_STRICT_OBJC_MSGSEND = YES;
				ENABLE_TESTABILITY = YES;
				GCC_C_LANGUAGE_STANDARD = gnu11;
				GCC_DYNAMIC_NO_PIC = NO;
				GCC_NO_COMMON_BLOCKS = YES;
				GCC_OPTIMIZATION_LEVEL = 0;
				GCC_PREPROCESSOR_DEFINITIONS = (
					"DEBUG=1",
					"$(inherited)",
				);
				GCC_WARN_64_TO_32_BIT_CONVERSION = YES;
				GCC_WARN_ABOUT_RETURN_TYPE = YES_ERROR;
				GCC_WARN_UNDECLARED_SELECTOR = YES;
				GCC_WARN_UNINITIALIZED_AUTOS = YES_AGGRESSIVE;
				GCC_WARN_UNUSED_FUNCTION = YES;
				GCC_WARN_UNUSED_VARIABLE = YES;
				IPHONEOS_DEPLOYMENT_TARGET = 16.2;
				MTL_ENABLE_DEBUG_INFO = INCLUDE_SOURCE;
				MTL_FAST_MATH = YES;
				ONLY_ACTIVE_ARCH = YES;
				SDKROOT = iphoneos;
				SWIFT_ACTIVE_COMPILATION_CONDITIONS = DEBUG;
				SWIFT_OPTIMIZATION_LEVEL = "-Onone";
			};
			name = Debug;
		};
		D03D230D29B37367005A0989 /* Release */ = {
			isa = XCBuildConfiguration;
			buildSettings = {
				ALWAYS_SEARCH_USER_PATHS = NO;
				CLANG_ANALYZER_NONNULL = YES;
				CLANG_ANALYZER_NUMBER_OBJECT_CONVERSION = YES_AGGRESSIVE;
				CLANG_CXX_LANGUAGE_STANDARD = "gnu++20";
				CLANG_ENABLE_MODULES = YES;
				CLANG_ENABLE_OBJC_ARC = YES;
				CLANG_ENABLE_OBJC_WEAK = YES;
				CLANG_WARN_BLOCK_CAPTURE_AUTORELEASING = YES;
				CLANG_WARN_BOOL_CONVERSION = YES;
				CLANG_WARN_COMMA = YES;
				CLANG_WARN_CONSTANT_CONVERSION = YES;
				CLANG_WARN_DEPRECATED_OBJC_IMPLEMENTATIONS = YES;
				CLANG_WARN_DIRECT_OBJC_ISA_USAGE = YES_ERROR;
				CLANG_WARN_DOCUMENTATION_COMMENTS = YES;
				CLANG_WARN_EMPTY_BODY = YES;
				CLANG_WARN_ENUM_CONVERSION = YES;
				CLANG_WARN_INFINITE_RECURSION = YES;
				CLANG_WARN_INT_CONVERSION = YES;
				CLANG_WARN_NON_LITERAL_NULL_CONVERSION = YES;
				CLANG_WARN_OBJC_IMPLICIT_RETAIN_SELF = YES;
				CLANG_WARN_OBJC_LITERAL_CONVERSION = YES;
				CLANG_WARN_OBJC_ROOT_CLASS = YES_ERROR;
				CLANG_WARN_QUOTED_INCLUDE_IN_FRAMEWORK_HEADER = YES;
				CLANG_WARN_RANGE_LOOP_ANALYSIS = YES;
				CLANG_WARN_STRICT_PROTOTYPES = YES;
				CLANG_WARN_SUSPICIOUS_MOVE = YES;
				CLANG_WARN_UNGUARDED_AVAILABILITY = YES_AGGRESSIVE;
				CLANG_WARN_UNREACHABLE_CODE = YES;
				CLANG_WARN__DUPLICATE_METHOD_MATCH = YES;
				COPY_PHASE_STRIP = NO;
				DEBUG_INFORMATION_FORMAT = "dwarf-with-dsym";
				ENABLE_NS_ASSERTIONS = NO;
				ENABLE_STRICT_OBJC_MSGSEND = YES;
				GCC_C_LANGUAGE_STANDARD = gnu11;
				GCC_NO_COMMON_BLOCKS = YES;
				GCC_WARN_64_TO_32_BIT_CONVERSION = YES;
				GCC_WARN_ABOUT_RETURN_TYPE = YES_ERROR;
				GCC_WARN_UNDECLARED_SELECTOR = YES;
				GCC_WARN_UNINITIALIZED_AUTOS = YES_AGGRESSIVE;
				GCC_WARN_UNUSED_FUNCTION = YES;
				GCC_WARN_UNUSED_VARIABLE = YES;
				IPHONEOS_DEPLOYMENT_TARGET = 16.2;
				MTL_ENABLE_DEBUG_INFO = NO;
				MTL_FAST_MATH = YES;
				SDKROOT = iphoneos;
				SWIFT_COMPILATION_MODE = wholemodule;
				SWIFT_OPTIMIZATION_LEVEL = "-O";
				VALIDATE_PRODUCT = YES;
			};
			name = Release;
		};
		D03D230F29B37367005A0989 /* Debug */ = {
			isa = XCBuildConfiguration;
			buildSettings = {
				ASSETCATALOG_COMPILER_APPICON_NAME = AppIcon;
				ASSETCATALOG_COMPILER_GLOBAL_ACCENT_COLOR_NAME = AccentColor;
				CODE_SIGN_STYLE = Automatic;
				CURRENT_PROJECT_VERSION = 1;
				DEVELOPMENT_TEAM = 56K423922J;
				GENERATE_INFOPLIST_FILE = YES;
				INFOPLIST_FILE = MusicAppDYSoftware/Info.plist;
				INFOPLIST_KEY_UIApplicationSupportsIndirectInputEvents = YES;
				INFOPLIST_KEY_UILaunchStoryboardName = LaunchScreen;
				INFOPLIST_KEY_UISupportedInterfaceOrientations_iPad = "UIInterfaceOrientationPortrait UIInterfaceOrientationPortraitUpsideDown UIInterfaceOrientationLandscapeLeft UIInterfaceOrientationLandscapeRight";
				INFOPLIST_KEY_UISupportedInterfaceOrientations_iPhone = "UIInterfaceOrientationPortrait UIInterfaceOrientationLandscapeLeft UIInterfaceOrientationLandscapeRight";
				LD_RUNPATH_SEARCH_PATHS = (
					"$(inherited)",
					"@executable_path/Frameworks",
				);
				MARKETING_VERSION = 1.0;
				PRODUCT_BUNDLE_IDENTIFIER = com.DYSoftware.MusicApp.MusicAppDYSoftware;
				PRODUCT_NAME = "$(TARGET_NAME)";
				SUPPORTED_PLATFORMS = "iphoneos iphonesimulator";
				SUPPORTS_MACCATALYST = NO;
				SUPPORTS_MAC_DESIGNED_FOR_IPHONE_IPAD = NO;
				SWIFT_EMIT_LOC_STRINGS = YES;
				SWIFT_VERSION = 5.0;
				TARGETED_DEVICE_FAMILY = 1;
			};
			name = Debug;
		};
		D03D231029B37367005A0989 /* Release */ = {
			isa = XCBuildConfiguration;
			buildSettings = {
				ASSETCATALOG_COMPILER_APPICON_NAME = AppIcon;
				ASSETCATALOG_COMPILER_GLOBAL_ACCENT_COLOR_NAME = AccentColor;
				CODE_SIGN_STYLE = Automatic;
				CURRENT_PROJECT_VERSION = 1;
				DEVELOPMENT_TEAM = 56K423922J;
				GENERATE_INFOPLIST_FILE = YES;
				INFOPLIST_FILE = MusicAppDYSoftware/Info.plist;
				INFOPLIST_KEY_UIApplicationSupportsIndirectInputEvents = YES;
				INFOPLIST_KEY_UILaunchStoryboardName = LaunchScreen;
				INFOPLIST_KEY_UISupportedInterfaceOrientations_iPad = "UIInterfaceOrientationPortrait UIInterfaceOrientationPortraitUpsideDown UIInterfaceOrientationLandscapeLeft UIInterfaceOrientationLandscapeRight";
				INFOPLIST_KEY_UISupportedInterfaceOrientations_iPhone = "UIInterfaceOrientationPortrait UIInterfaceOrientationLandscapeLeft UIInterfaceOrientationLandscapeRight";
				LD_RUNPATH_SEARCH_PATHS = (
					"$(inherited)",
					"@executable_path/Frameworks",
				);
				MARKETING_VERSION = 1.0;
				PRODUCT_BUNDLE_IDENTIFIER = com.DYSoftware.MusicApp.MusicAppDYSoftware;
				PRODUCT_NAME = "$(TARGET_NAME)";
				SUPPORTED_PLATFORMS = "iphoneos iphonesimulator";
				SUPPORTS_MACCATALYST = NO;
				SUPPORTS_MAC_DESIGNED_FOR_IPHONE_IPAD = NO;
				SWIFT_EMIT_LOC_STRINGS = YES;
				SWIFT_VERSION = 5.0;
				TARGETED_DEVICE_FAMILY = 1;
			};
			name = Release;
		};
		D03D231229B37367005A0989 /* Debug */ = {
			isa = XCBuildConfiguration;
			buildSettings = {
				ALWAYS_EMBED_SWIFT_STANDARD_LIBRARIES = YES;
				BUNDLE_LOADER = "$(TEST_HOST)";
				CODE_SIGN_STYLE = Automatic;
				CURRENT_PROJECT_VERSION = 1;
				DEVELOPMENT_TEAM = 56K423922J;
				GENERATE_INFOPLIST_FILE = YES;
				IPHONEOS_DEPLOYMENT_TARGET = 16.2;
				MARKETING_VERSION = 1.0;
				PRODUCT_BUNDLE_IDENTIFIER = com.DYSoftware.MusicApp.MusicAppDYSoftwareTests;
				PRODUCT_NAME = "$(TARGET_NAME)";
				SWIFT_EMIT_LOC_STRINGS = NO;
				SWIFT_VERSION = 5.0;
				TARGETED_DEVICE_FAMILY = "1,2";
				TEST_HOST = "$(BUILT_PRODUCTS_DIR)/MusicAppDYSoftware.app/$(BUNDLE_EXECUTABLE_FOLDER_PATH)/MusicAppDYSoftware";
			};
			name = Debug;
		};
		D03D231329B37367005A0989 /* Release */ = {
			isa = XCBuildConfiguration;
			buildSettings = {
				ALWAYS_EMBED_SWIFT_STANDARD_LIBRARIES = YES;
				BUNDLE_LOADER = "$(TEST_HOST)";
				CODE_SIGN_STYLE = Automatic;
				CURRENT_PROJECT_VERSION = 1;
				DEVELOPMENT_TEAM = 56K423922J;
				GENERATE_INFOPLIST_FILE = YES;
				IPHONEOS_DEPLOYMENT_TARGET = 16.2;
				MARKETING_VERSION = 1.0;
				PRODUCT_BUNDLE_IDENTIFIER = com.DYSoftware.MusicApp.MusicAppDYSoftwareTests;
				PRODUCT_NAME = "$(TARGET_NAME)";
				SWIFT_EMIT_LOC_STRINGS = NO;
				SWIFT_VERSION = 5.0;
				TARGETED_DEVICE_FAMILY = "1,2";
				TEST_HOST = "$(BUILT_PRODUCTS_DIR)/MusicAppDYSoftware.app/$(BUNDLE_EXECUTABLE_FOLDER_PATH)/MusicAppDYSoftware";
			};
			name = Release;
		};
		D03D231529B37367005A0989 /* Debug */ = {
			isa = XCBuildConfiguration;
			buildSettings = {
				ALWAYS_EMBED_SWIFT_STANDARD_LIBRARIES = YES;
				CODE_SIGN_STYLE = Automatic;
				CURRENT_PROJECT_VERSION = 1;
				DEVELOPMENT_TEAM = 56K423922J;
				GENERATE_INFOPLIST_FILE = YES;
				MARKETING_VERSION = 1.0;
				PRODUCT_BUNDLE_IDENTIFIER = com.DYSoftware.MusicApp.MusicAppDYSoftwareUITests;
				PRODUCT_NAME = "$(TARGET_NAME)";
				SWIFT_EMIT_LOC_STRINGS = NO;
				SWIFT_VERSION = 5.0;
				TARGETED_DEVICE_FAMILY = "1,2";
				TEST_TARGET_NAME = MusicAppDYSoftware;
			};
			name = Debug;
		};
		D03D231629B37367005A0989 /* Release */ = {
			isa = XCBuildConfiguration;
			buildSettings = {
				ALWAYS_EMBED_SWIFT_STANDARD_LIBRARIES = YES;
				CODE_SIGN_STYLE = Automatic;
				CURRENT_PROJECT_VERSION = 1;
				DEVELOPMENT_TEAM = 56K423922J;
				GENERATE_INFOPLIST_FILE = YES;
				MARKETING_VERSION = 1.0;
				PRODUCT_BUNDLE_IDENTIFIER = com.DYSoftware.MusicApp.MusicAppDYSoftwareUITests;
				PRODUCT_NAME = "$(TARGET_NAME)";
				SWIFT_EMIT_LOC_STRINGS = NO;
				SWIFT_VERSION = 5.0;
				TARGETED_DEVICE_FAMILY = "1,2";
				TEST_TARGET_NAME = MusicAppDYSoftware;
			};
			name = Release;
		};
/* End XCBuildConfiguration section */

/* Begin XCConfigurationList section */
		D03D22DC29B37361005A0989 /* Build configuration list for PBXProject "MusicAppDYSoftware" */ = {
			isa = XCConfigurationList;
			buildConfigurations = (
				D03D230C29B37367005A0989 /* Debug */,
				D03D230D29B37367005A0989 /* Release */,
			);
			defaultConfigurationIsVisible = 0;
			defaultConfigurationName = Release;
		};
		D03D230E29B37367005A0989 /* Build configuration list for PBXNativeTarget "MusicAppDYSoftware" */ = {
			isa = XCConfigurationList;
			buildConfigurations = (
				D03D230F29B37367005A0989 /* Debug */,
				D03D231029B37367005A0989 /* Release */,
			);
			defaultConfigurationIsVisible = 0;
			defaultConfigurationName = Release;
		};
		D03D231129B37367005A0989 /* Build configuration list for PBXNativeTarget "MusicAppDYSoftwareTests" */ = {
			isa = XCConfigurationList;
			buildConfigurations = (
				D03D231229B37367005A0989 /* Debug */,
				D03D231329B37367005A0989 /* Release */,
			);
			defaultConfigurationIsVisible = 0;
			defaultConfigurationName = Release;
		};
		D03D231429B37367005A0989 /* Build configuration list for PBXNativeTarget "MusicAppDYSoftwareUITests" */ = {
			isa = XCConfigurationList;
			buildConfigurations = (
				D03D231529B37367005A0989 /* Debug */,
				D03D231629B37367005A0989 /* Release */,
			);
			defaultConfigurationIsVisible = 0;
			defaultConfigurationName = Release;
		};
/* End XCConfigurationList section */

/* Begin XCRemoteSwiftPackageReference section */
		D02B265329B54EDA00839CDD /* XCRemoteSwiftPackageReference "JGProgressHUD" */ = {
			isa = XCRemoteSwiftPackageReference;
			repositoryURL = "https://github.com/JonasGessner/JGProgressHUD";
			requirement = {
				branch = master;
				kind = branch;
			};
		};
/* End XCRemoteSwiftPackageReference section */

/* Begin XCSwiftPackageProductDependency section */
		D02B265429B54EDA00839CDD /* JGProgressHUD */ = {
			isa = XCSwiftPackageProductDependency;
			package = D02B265329B54EDA00839CDD /* XCRemoteSwiftPackageReference "JGProgressHUD" */;
			productName = JGProgressHUD;
		};
/* End XCSwiftPackageProductDependency section */
	};
	rootObject = D03D22D929B37361005A0989 /* Project object */;
}
